
Microsoft Visual Studio Solution File, Format Version 12.00
# Visual Studio Version 17
VisualStudioVersion = 17.2.32519.379
MinimumVisualStudioVersion = 10.0.40219.1
Project("{2150E333-8FDC-42A3-9474-1A3956D46DE8}") = "src", "src", "{7D7C8EA0-76B4-4B87-A40B-E860AE50E1F4}"
EndProject
Project("{2150E333-8FDC-42A3-9474-1A3956D46DE8}") = "test", "test", "{C28FDF55-5C58-4789-895E-D8DD7BACA306}"
EndProject
Project("{FAE04EC0-301F-11D3-BF4B-00C04F79EFBC}") = "MethodCacher", "MethodCacher\MethodCacher.csproj", "{AD416171-5EEB-4AF3-BB17-1BE79D3419A3}"
EndProject
Project("{FAE04EC0-301F-11D3-BF4B-00C04F79EFBC}") = "MethodCacher.Test", "MethodCacher.Test\MethodCacher.Test.csproj", "{D935A1EA-312B-43A7-B21F-780B8FC307D1}"
EndProject
Project("{FAE04EC0-301F-11D3-BF4B-00C04F79EFBC}") = "MethodCacher.Benchmark", "MethodCacher.Benchmark\MethodCacher.Benchmark.csproj", "{9B24FBC0-1A5C-46BC-9EBA-139B3A7FCDA8}"
EndProject
Global
	GlobalSection(SolutionConfigurationPlatforms) = preSolution
		Debug|Any CPU = Debug|Any CPU
		Release|Any CPU = Release|Any CPU
	EndGlobalSection
	GlobalSection(ProjectConfigurationPlatforms) = postSolution
		{AD416171-5EEB-4AF3-BB17-1BE79D3419A3}.Debug|Any CPU.ActiveCfg = Debug|Any CPU
		{AD416171-5EEB-4AF3-BB17-1BE79D3419A3}.Debug|Any CPU.Build.0 = Debug|Any CPU
		{AD416171-5EEB-4AF3-BB17-1BE79D3419A3}.Release|Any CPU.ActiveCfg = Release|Any CPU
		{AD416171-5EEB-4AF3-BB17-1BE79D3419A3}.Release|Any CPU.Build.0 = Release|Any CPU
		{D935A1EA-312B-43A7-B21F-780B8FC307D1}.Debug|Any CPU.ActiveCfg = Debug|Any CPU
		{D935A1EA-312B-43A7-B21F-780B8FC307D1}.Debug|Any CPU.Build.0 = Debug|Any CPU
		{D935A1EA-312B-43A7-B21F-780B8FC307D1}.Release|Any CPU.ActiveCfg = Release|Any CPU
		{D935A1EA-312B-43A7-B21F-780B8FC307D1}.Release|Any CPU.Build.0 = Release|Any CPU
		{9B24FBC0-1A5C-46BC-9EBA-139B3A7FCDA8}.Debug|Any CPU.ActiveCfg = Debug|Any CPU
		{9B24FBC0-1A5C-46BC-9EBA-139B3A7FCDA8}.Debug|Any CPU.Build.0 = Debug|Any CPU
		{9B24FBC0-1A5C-46BC-9EBA-139B3A7FCDA8}.Release|Any CPU.ActiveCfg = Release|Any CPU
		{9B24FBC0-1A5C-46BC-9EBA-139B3A7FCDA8}.Release|Any CPU.Build.0 = Release|Any CPU
	EndGlobalSection
	GlobalSection(SolutionProperties) = preSolution
		HideSolutionNode = FALSE
	EndGlobalSection
	GlobalSection(NestedProjects) = preSolution
		{AD416171-5EEB-4AF3-BB17-1BE79D3419A3} = {7D7C8EA0-76B4-4B87-A40B-E860AE50E1F4}
		{D935A1EA-312B-43A7-B21F-780B8FC307D1} = {C28FDF55-5C58-4789-895E-D8DD7BACA306}
		{9B24FBC0-1A5C-46BC-9EBA-139B3A7FCDA8} = {C28FDF55-5C58-4789-895E-D8DD7BACA306}
	EndGlobalSection
	GlobalSection(ExtensibilityGlobals) = postSolution
		SolutionGuid = {52EF563F-B971-4F5B-B902-F27855C31FB0}
	EndGlobalSection
EndGlobal
